
Microsoft Visual Studio Solution File, Format Version 12.00
# Visual Studio 2013
VisualStudioVersion = 12.0.40629.0
MinimumVisualStudioVersion = 10.0.40219.1
Project("{FAE04EC0-301F-11D3-BF4B-00C04F79EFBC}") = "WAFF.WebUI", "WAFF.WebUI\WAFF.WebUI.csproj", "{06E5BBEB-FA5D-4478-BAA9-68EC387BF10C}"
EndProject
Project("{00D1A9C2-B5F0-4AF3-8072-F6C62B433612}") = "WAFF_dbProject", "WAFF_dbProject\WAFF_dbProject.sqlproj", "{1558E977-56E1-48B2-83C7-6A649CE73502}"
EndProject
Project("{FAE04EC0-301F-11D3-BF4B-00C04F79EFBC}") = "WAFF.DataAccess", "WAFF.DataAccess\WAFF.DataAccess.csproj", "{D27C6E47-EE56-418B-893F-1E4EDF2D2A5E}"
EndProject
Project("{FAE04EC0-301F-11D3-BF4B-00C04F79EFBC}") = "WAFF.Services", "WAFF.Services\WAFF.Services.csproj", "{F2D6F1E1-C023-4EBB-B8B1-B84695548474}"
EndProject
Project("{F088123C-0E9E-452A-89E6-6BA2F21D5CAC}") = "ModelingProject1", "ModelingProject1\ModelingProject1.modelproj", "{AAA2C208-68B9-4DC9-881B-F4C17CF8818B}"
EndProject
Global
	GlobalSection(SolutionConfigurationPlatforms) = preSolution
		Debug|Any CPU = Debug|Any CPU
		Release|Any CPU = Release|Any CPU
	EndGlobalSection
	GlobalSection(ProjectConfigurationPlatforms) = postSolution
		{06E5BBEB-FA5D-4478-BAA9-68EC387BF10C}.Debug|Any CPU.ActiveCfg = Debug|Any CPU
		{06E5BBEB-FA5D-4478-BAA9-68EC387BF10C}.Debug|Any CPU.Build.0 = Debug|Any CPU
		{06E5BBEB-FA5D-4478-BAA9-68EC387BF10C}.Release|Any CPU.ActiveCfg = Release|Any CPU
		{06E5BBEB-FA5D-4478-BAA9-68EC387BF10C}.Release|Any CPU.Build.0 = Release|Any CPU
		{1558E977-56E1-48B2-83C7-6A649CE73502}.Debug|Any CPU.ActiveCfg = Debug|Any CPU
		{1558E977-56E1-48B2-83C7-6A649CE73502}.Debug|Any CPU.Build.0 = Debug|Any CPU
		{1558E977-56E1-48B2-83C7-6A649CE73502}.Debug|Any CPU.Deploy.0 = Debug|Any CPU
		{1558E977-56E1-48B2-83C7-6A649CE73502}.Release|Any CPU.ActiveCfg = Release|Any CPU
		{1558E977-56E1-48B2-83C7-6A649CE73502}.Release|Any CPU.Build.0 = Release|Any CPU
		{1558E977-56E1-48B2-83C7-6A649CE73502}.Release|Any CPU.Deploy.0 = Release|Any CPU
		{D27C6E47-EE56-418B-893F-1E4EDF2D2A5E}.Debug|Any CPU.ActiveCfg = Debug|Any CPU
		{D27C6E47-EE56-418B-893F-1E4EDF2D2A5E}.Debug|Any CPU.Build.0 = Debug|Any CPU
		{D27C6E47-EE56-418B-893F-1E4EDF2D2A5E}.Release|Any CPU.ActiveCfg = Release|Any CPU
		{D27C6E47-EE56-418B-893F-1E4EDF2D2A5E}.Release|Any CPU.Build.0 = Release|Any CPU
		{F2D6F1E1-C023-4EBB-B8B1-B84695548474}.Debug|Any CPU.ActiveCfg = Debug|Any CPU
		{F2D6F1E1-C023-4EBB-B8B1-B84695548474}.Debug|Any CPU.Build.0 = Debug|Any CPU
		{F2D6F1E1-C023-4EBB-B8B1-B84695548474}.Release|Any CPU.ActiveCfg = Release|Any CPU
		{F2D6F1E1-C023-4EBB-B8B1-B84695548474}.Release|Any CPU.Build.0 = Release|Any CPU
		{AAA2C208-68B9-4DC9-881B-F4C17CF8818B}.Debug|Any CPU.ActiveCfg = Debug|Any CPU
		{AAA2C208-68B9-4DC9-881B-F4C17CF8818B}.Debug|Any CPU.Build.0 = Debug|Any CPU
		{AAA2C208-68B9-4DC9-881B-F4C17CF8818B}.Release|Any CPU.ActiveCfg = Release|Any CPU
		{AAA2C208-68B9-4DC9-881B-F4C17CF8818B}.Release|Any CPU.Build.0 = Release|Any CPU
	EndGlobalSection
	GlobalSection(SolutionProperties) = preSolution
		HideSolutionNode = FALSE
	EndGlobalSection
EndGlobal
